// !$*UTF8*$!
{
	archiveVersion = 1;
	classes = {
	};
	objectVersion = 50;
	objects = {

/* Begin PBXBuildFile section */
		DFD0280C254A68B6002E950E /* AppDelegate.swift in Sources */ = {isa = PBXBuildFile; fileRef = DFD0280B254A68B6002E950E /* AppDelegate.swift */; };
		DFD0280E254A68B6002E950E /* SceneDelegate.swift in Sources */ = {isa = PBXBuildFile; fileRef = DFD0280D254A68B6002E950E /* SceneDelegate.swift */; };
		DFD02810254A68B6002E950E /* ContentView.swift in Sources */ = {isa = PBXBuildFile; fileRef = DFD0280F254A68B6002E950E /* ContentView.swift */; };
		DFD02812254A68BB002E950E /* Assets.xcassets in Resources */ = {isa = PBXBuildFile; fileRef = DFD02811254A68BB002E950E /* Assets.xcassets */; };
		DFD02815254A68BB002E950E /* Preview Assets.xcassets in Resources */ = {isa = PBXBuildFile; fileRef = DFD02814254A68BB002E950E /* Preview Assets.xcassets */; };
		DFD02818254A68BB002E950E /* LaunchScreen.storyboard in Resources */ = {isa = PBXBuildFile; fileRef = DFD02816254A68BB002E950E /* LaunchScreen.storyboard */; };
/* End PBXBuildFile section */

/* Begin PBXFileReference section */
		DFD02808254A68B6002E950E /* hackingWithSwift.app */ = {isa = PBXFileReference; explicitFileType = wrapper.application; includeInIndex = 0; path = hackingWithSwift.app; sourceTree = BUILT_PRODUCTS_DIR; };
		DFD0280B254A68B6002E950E /* AppDelegate.swift */ = {isa = PBXFileReference; lastKnownFileType = sourcecode.swift; path = AppDelegate.swift; sourceTree = "<group>"; };
		DFD0280D254A68B6002E950E /* SceneDelegate.swift */ = {isa = PBXFileReference; lastKnownFileType = sourcecode.swift; path = SceneDelegate.swift; sourceTree = "<group>"; };
		DFD0280F254A68B6002E950E /* ContentView.swift */ = {isa = PBXFileReference; lastKnownFileType = sourcecode.swift; path = ContentView.swift; sourceTree = "<group>"; };
		DFD02811254A68BB002E950E /* Assets.xcassets */ = {isa = PBXFileReference; lastKnownFileType = folder.assetcatalog; path = Assets.xcassets; sourceTree = "<group>"; };
		DFD02814254A68BB002E950E /* Preview Assets.xcassets */ = {isa = PBXFileReference; lastKnownFileType = folder.assetcatalog; path = "Preview Assets.xcassets"; sourceTree = "<group>"; };
		DFD02817254A68BB002E950E /* Base */ = {isa = PBXFileReference; lastKnownFileType = file.storyboard; name = Base; path = Base.lproj/LaunchScreen.storyboard; sourceTree = "<group>"; };
		DFD02819254A68BB002E950E /* Info.plist */ = {isa = PBXFileReference; lastKnownFileType = text.plist.xml; path = Info.plist; sourceTree = "<group>"; };
/* End PBXFileReference section */

/* Begin PBXFrameworksBuildPhase section */
		DFD02805254A68B6002E950E /* Frameworks */ = {
			isa = PBXFrameworksBuildPhase;
			buildActionMask = 2147483647;
			files = (
			);
			runOnlyForDeploymentPostprocessing = 0;
		};
/* End PBXFrameworksBuildPhase section */

/* Begin PBXGroup section */
		DFD027FF254A68B6002E950E = {
			isa = PBXGroup;
			children = (
				DFD0280A254A68B6002E950E /* hackingWithSwift */,
				DFD02809254A68B6002E950E /* Products */,
			);
			sourceTree = "<group>";
		};
		DFD02809254A68B6002E950E /* Products */ = {
			isa = PBXGroup;
			children = (
				DFD02808254A68B6002E950E /* hackingWithSwift.app */,
			);
			name = Products;
			sourceTree = "<group>";
		};
		DFD0280A254A68B6002E950E /* hackingWithSwift */ = {
			isa = PBXGroup;
			children = (
				DFD0280B254A68B6002E950E /* AppDelegate.swift */,
				DFD0280D254A68B6002E950E /* SceneDelegate.swift */,
				DFD0280F254A68B6002E950E /* ContentView.swift */,
				DFD02811254A68BB002E950E /* Assets.xcassets */,
				DFD02816254A68BB002E950E /* LaunchScreen.storyboard */,
				DFD02819254A68BB002E950E /* Info.plist */,
				DFD02813254A68BB002E950E /* Preview Content */,
			);
			path = hackingWithSwift;
			sourceTree = "<group>";
		};
		DFD02813254A68BB002E950E /* Preview Content */ = {
			isa = PBXGroup;
			children = (
				DFD02814254A68BB002E950E /* Preview Assets.xcassets */,
			);
			path = "Preview Content";
			sourceTree = "<group>";
		};
/* End PBXGroup section */

/* Begin PBXNativeTarget section */
		DFD02807254A68B6002E950E /* hackingWithSwift */ = {
			isa = PBXNativeTarget;
			buildConfigurationList = DFD0281C254A68BB002E950E /* Build configuration list for PBXNativeTarget "hackingWithSwift" */;
			buildPhases = (
				DFD02804254A68B6002E950E /* Sources */,
				DFD02805254A68B6002E950E /* Frameworks */,
				DFD02806254A68B6002E950E /* Resources */,
			);
			buildRules = (
			);
			dependencies = (
			);
			name = hackingWithSwift;
			productName = hackingWithSwift;
			productReference = DFD02808254A68B6002E950E /* hackingWithSwift.app */;
			productType = "com.apple.product-type.application";
		};
/* End PBXNativeTarget section */

/* Begin PBXProject section */
		DFD02800254A68B6002E950E /* Project object */ = {
			isa = PBXProject;
			attributes = {
				LastSwiftUpdateCheck = 1150;
				LastUpgradeCheck = 1150;
				ORGANIZATIONNAME = "Jimin Huh";
				TargetAttributes = {
					DFD02807254A68B6002E950E = {
						CreatedOnToolsVersion = 11.5;
					};
				};
			};
			buildConfigurationList = DFD02803254A68B6002E950E /* Build configuration list for PBXProject "hackingWithSwift" */;
			compatibilityVersion = "Xcode 9.3";
			developmentRegion = en;
			hasScannedForEncodings = 0;
			knownRegions = (
				en,
				Base,
			);
			mainGroup = DFD027FF254A68B6002E950E;
			productRefGroup = DFD02809254A68B6002E950E /* Products */;
			projectDirPath = "";
			projectRoot = "";
			targets = (
				DFD02807254A68B6002E950E /* hackingWithSwift */,
			);
		};
/* End PBXProject section */

/* Begin PBXResourcesBuildPhase section */
		DFD02806254A68B6002E950E /* Resources */ = {
			isa = PBXResourcesBuildPhase;
			buildActionMask = 2147483647;
			files = (
				DFD02818254A68BB002E950E /* LaunchScreen.storyboard in Resources */,
				DFD02815254A68BB002E950E /* Preview Assets.xcassets in Resources */,
				DFD02812254A68BB002E950E /* Assets.xcassets in Resources */,
			);
			runOnlyForDeploymentPostprocessing = 0;
		};
/* End PBXResourcesBuildPhase section */

/* Begin PBXSourcesBuildPhase section */
		DFD02804254A68B6002E950E /* Sources */ = {
			isa = PBXSourcesBuildPhase;
			buildActionMask = 2147483647;
			files = (
				DFD0280C254A68B6002E950E /* AppDelegate.swift in Sources */,
				DFD0280E254A68B6002E950E /* SceneDelegate.swift in Sources */,
				DFD02810254A68B6002E950E /* ContentView.swift in Sources */,
			);
			runOnlyForDeploymentPostprocessing = 0;
		};
/* End PBXSourcesBuildPhase section */

/* Begin PBXVariantGroup section */
		DFD02816254A68BB002E950E /* LaunchScreen.storyboard */ = {
			isa = PBXVariantGroup;
			children = (
				DFD02817254A68BB002E950E /* Base */,
			);
			name = LaunchScreen.storyboard;
			sourceTree = "<group>";
		};
/* End PBXVariantGroup section */

/* Begin XCBuildConfiguration section */
		DFD0281A254A68BB002E950E /* Debug */ = {
			isa = XCBuildConfiguration;
			buildSettings = {
				ALWAYS_SEARCH_USER_PATHS = NO;
				CLANG_ANALYZER_NONNULL = YES;
				CLANG_ANALYZER_NUMBER_OBJECT_CONVERSION = YES_AGGRESSIVE;
				CLANG_CXX_LANGUAGE_STANDARD = "gnu++14";
				CLANG_CXX_LIBRARY = "libc++";
				CLANG_ENABLE_MODULES = YES;
				CLANG_ENABLE_OBJC_ARC = YES;
				CLANG_ENABLE_OBJC_WEAK = YES;
				CLANG_WARN_BLOCK_CAPTURE_AUTORELEASING = YES;
				CLANG_WARN_BOOL_CONVERSION = YES;
				CLANG_WARN_COMMA = YES;
				CLANG_WARN_CONSTANT_CONVERSION = YES;
				CLANG_WARN_DEPRECATED_OBJC_IMPLEMENTATIONS = YES;
				CLANG_WARN_DIRECT_OBJC_ISA_USAGE = YES_ERROR;
				CLANG_WARN_DOCUMENTATION_COMMENTS = YES;
				CLANG_WARN_EMPTY_BODY = YES;
				CLANG_WARN_ENUM_CONVERSION = YES;
				CLANG_WARN_INFINITE_RECURSION = YES;
				CLANG_WARN_INT_CONVERSION = YES;
				CLANG_WARN_NON_LITERAL_NULL_CONVERSION = YES;
				CLANG_WARN_OBJC_IMPLICIT_RETAIN_SELF = YES;
				CLANG_WARN_OBJC_LITERAL_CONVERSION = YES;
				CLANG_WARN_OBJC_ROOT_CLASS = YES_ERROR;
				CLANG_WARN_RANGE_LOOP_ANALYSIS = YES;
				CLANG_WARN_STRICT_PROTOTYPES = YES;
				CLANG_WARN_SUSPICIOUS_MOVE = YES;
				CLANG_WARN_UNGUARDED_AVAILABILITY = YES_AGGRESSIVE;
				CLANG_WARN_UNREACHABLE_CODE = YES;
				CLANG_WARN__DUPLICATE_METHOD_MATCH = YES;
				COPY_PHASE_STRIP = NO;
				DEBUG_INFORMATION_FORMAT = dwarf;
				ENABLE_STRICT_OBJC_MSGSEND = YES;
				ENABLE_TESTABILITY = YES;
				GCC_C_LANGUAGE_STANDARD = gnu11;
				GCC_DYNAMIC_NO_PIC = NO;
				GCC_NO_COMMON_BLOCKS = YES;
				GCC_OPTIMIZATION_LEVEL = 0;
				GCC_PREPROCESSOR_DEFINITIONS = (
					"DEBUG=1",
					"$(inherited)",
				);
				GCC_WARN_64_TO_32_BIT_CONVERSION = YES;
				GCC_WARN_ABOUT_RETURN_TYPE = YES_ERROR;
				GCC_WARN_UNDECLARED_SELECTOR = YES;
				GCC_WARN_UNINITIALIZED_AUTOS = YES_AGGRESSIVE;
				GCC_WARN_UNUSED_FUNCTION = YES;
				GCC_WARN_UNUSED_VARIABLE = YES;
				IPHONEOS_DEPLOYMENT_TARGET = 13.5;
				MTL_ENABLE_DEBUG_INFO = INCLUDE_SOURCE;
				MTL_FAST_MATH = YES;
				ONLY_ACTIVE_ARCH = YES;
				SDKROOT = iphoneos;
				SWIFT_ACTIVE_COMPILATION_CONDITIONS = DEBUG;
				SWIFT_OPTIMIZATION_LEVEL = "-Onone";
			};
			name = Debug;
		};
		DFD0281B254A68BB002E950E /* Release */ = {
			isa = XCBuildConfiguration;
			buildSettings = {
				ALWAYS_SEARCH_USER_PATHS = NO;
				CLANG_ANALYZER_NONNULL = YES;
				CLANG_ANALYZER_NUMBER_OBJECT_CONVERSION = YES_AGGRESSIVE;
				CLANG_CXX_LANGUAGE_STANDARD = "gnu++14";
				CLANG_CXX_LIBRARY = "libc++";
				CLANG_ENABLE_MODULES = YES;
				CLANG_ENABLE_OBJC_ARC = YES;
				CLANG_ENABLE_OBJC_WEAK = YES;
				CLANG_WARN_BLOCK_CAPTURE_AUTORELEASING = YES;
				CLANG_WARN_BOOL_CONVERSION = YES;
				CLANG_WARN_COMMA = YES;
				CLANG_WARN_CONSTANT_CONVERSION = YES;
				CLANG_WARN_DEPRECATED_OBJC_IMPLEMENTATIONS = YES;
				CLANG_WARN_DIRECT_OBJC_ISA_USAGE = YES_ERROR;
				CLANG_WARN_DOCUMENTATION_COMMENTS = YES;
				CLANG_WARN_EMPTY_BODY = YES;
				CLANG_WARN_ENUM_CONVERSION = YES;
				CLANG_WARN_INFINITE_RECURSION = YES;
				CLANG_WARN_INT_CONVERSION = YES;
				CLANG_WARN_NON_LITERAL_NULL_CONVERSION = YES;
				CLANG_WARN_OBJC_IMPLICIT_RETAIN_SELF = YES;
				CLANG_WARN_OBJC_LITERAL_CONVERSION = YES;
				CLANG_WARN_OBJC_ROOT_CLASS = YES_ERROR;
				CLANG_WARN_RANGE_LOOP_ANALYSIS = YES;
				CLANG_WARN_STRICT_PROTOTYPES = YES;
				CLANG_WARN_SUSPICIOUS_MOVE = YES;
				CLANG_WARN_UNGUARDED_AVAILABILITY = YES_AGGRESSIVE;
				CLANG_WARN_UNREACHABLE_CODE = YES;
				CLANG_WARN__DUPLICATE_METHOD_MATCH = YES;
				COPY_PHASE_STRIP = NO;
				DEBUG_INFORMATION_FORMAT = "dwarf-with-dsym";
				ENABLE_NS_ASSERTIONS = NO;
				ENABLE_STRICT_OBJC_MSGSEND = YES;
				GCC_C_LANGUAGE_STANDARD = gnu11;
				GCC_NO_COMMON_BLOCKS = YES;
				GCC_WARN_64_TO_32_BIT_CONVERSION = YES;
				GCC_WARN_ABOUT_RETURN_TYPE = YES_ERROR;
				GCC_WARN_UNDECLARED_SELECTOR = YES;
				GCC_WARN_UNINITIALIZED_AUTOS = YES_AGGRESSIVE;
				GCC_WARN_UNUSED_FUNCTION = YES;
				GCC_WARN_UNUSED_VARIABLE = YES;
				IPHONEOS_DEPLOYMENT_TARGET = 13.5;
				MTL_ENABLE_DEBUG_INFO = NO;
				MTL_FAST_MATH = YES;
				SDKROOT = iphoneos;
				SWIFT_COMPILATION_MODE = wholemodule;
				SWIFT_OPTIMIZATION_LEVEL = "-O";
				VALIDATE_PRODUCT = YES;
			};
			name = Release;
		};
		DFD0281D254A68BB002E950E /* Debug */ = {
			isa = XCBuildConfiguration;
			buildSettings = {
				ASSETCATALOG_COMPILER_APPICON_NAME = AppIcon;
				CODE_SIGN_STYLE = Automatic;
				DEVELOPMENT_ASSET_PATHS = "\"hackingWithSwift/Preview Content\"";
				DEVELOPMENT_TEAM = 3HQ98CSDR5;
				ENABLE_PREVIEWS = YES;
				INFOPLIST_FILE = hackingWithSwift/Info.plist;
				LD_RUNPATH_SEARCH_PATHS = (
					"$(inherited)",
					"@executable_path/Frameworks",
				);
				PRODUCT_BUNDLE_IDENTIFIER = com.jiminhuh.hackingWithSwift;
				PRODUCT_NAME = "$(TARGET_NAME)";
				SWIFT_VERSION = 5.0;
				TARGETED_DEVICE_FAMILY = "1,2";
			};
			name = Debug;
		};
		DFD0281E254A68BB002E950E /* Release */ = {
			isa = XCBuildConfiguration;
			buildSettings = {
				ASSETCATALOG_COMPILER_APPICON_NAME = AppIcon;
				CODE_SIGN_STYLE = Automatic;
				DEVELOPMENT_ASSET_PATHS = "\"hackingWithSwift/Preview Content\"";
				DEVELOPMENT_TEAM = 3HQ98CSDR5;
				ENABLE_PREVIEWS = YES;
				INFOPLIST_FILE = hackingWithSwift/Info.plist;
				LD_RUNPATH_SEARCH_PATHS = (
					"$(inherited)",
					"@executable_path/Frameworks",
				);
				PRODUCT_BUNDLE_IDENTIFIER = com.jiminhuh.hackingWithSwift;
				PRODUCT_NAME = "$(TARGET_NAME)";
				SWIFT_VERSION = 5.0;
				TARGETED_DEVICE_FAMILY = "1,2";
			};
			name = Release;
		};
/* End XCBuildConfiguration section */

/* Begin XCConfigurationList section */
		DFD02803254A68B6002E950E /* Build configuration list for PBXProject "hackingWithSwift" */ = {
			isa = XCConfigurationList;
			buildConfigurations = (
				DFD0281A254A68BB002E950E /* Debug */,
				DFD0281B254A68BB002E950E /* Release */,
			);
			defaultConfigurationIsVisible = 0;
			defaultConfigurationName = Release;
		};
		DFD0281C254A68BB002E950E /* Build configuration list for PBXNativeTarget "hackingWithSwift" */ = {
			isa = XCConfigurationList;
			buildConfigurations = (
				DFD0281D254A68BB002E950E /* Debug */,
				DFD0281E254A68BB002E950E /* Release */,
			);
			defaultConfigurationIsVisible = 0;
			defaultConfigurationName = Release;
		};
/* End XCConfigurationList section */
	};
	rootObject = DFD02800254A68B6002E950E /* Project object */;
}
